
Microsoft Visual Studio Solution File, Format Version 12.00
# Visual Studio Version 16
VisualStudioVersion = 16.0.30114.105
MinimumVisualStudioVersion = 10.0.40219.1
Project("{FAE04EC0-301F-11D3-BF4B-00C04F79EFBC}") = "mvc-web-app", "mvc-web-app\mvc-web-app.csproj", "{A63B43F0-08B7-4BCF-9EB8-3B5DA66E69AB}"
EndProject
Project("{FAE04EC0-301F-11D3-BF4B-00C04F79EFBC}") = "Services", "Services\Services.csproj", "{EC914C3A-A8AE-4F2A-91CA-8038771A4DF4}"
EndProject
Project("{FAE04EC0-301F-11D3-BF4B-00C04F79EFBC}") = "UnitTests", "UnitTests\UnitTests.csproj", "{E62B54CE-7596-4F5E-93BC-E92511072D15}"
EndProject
Global
	GlobalSection(SolutionConfigurationPlatforms) = preSolution
		Debug|Any CPU = Debug|Any CPU
		Release|Any CPU = Release|Any CPU
	EndGlobalSection
	GlobalSection(SolutionProperties) = preSolution
		HideSolutionNode = FALSE
	EndGlobalSection
	GlobalSection(ProjectConfigurationPlatforms) = postSolution
		{A63B43F0-08B7-4BCF-9EB8-3B5DA66E69AB}.Debug|Any CPU.ActiveCfg = Debug|Any CPU
		{A63B43F0-08B7-4BCF-9EB8-3B5DA66E69AB}.Debug|Any CPU.Build.0 = Debug|Any CPU
		{A63B43F0-08B7-4BCF-9EB8-3B5DA66E69AB}.Release|Any CPU.ActiveCfg = Release|Any CPU
		{A63B43F0-08B7-4BCF-9EB8-3B5DA66E69AB}.Release|Any CPU.Build.0 = Release|Any CPU
		{EC914C3A-A8AE-4F2A-91CA-8038771A4DF4}.Debug|Any CPU.ActiveCfg = Debug|Any CPU
		{EC914C3A-A8AE-4F2A-91CA-8038771A4DF4}.Debug|Any CPU.Build.0 = Debug|Any CPU
		{EC914C3A-A8AE-4F2A-91CA-8038771A4DF4}.Release|Any CPU.ActiveCfg = Release|Any CPU
		{EC914C3A-A8AE-4F2A-91CA-8038771A4DF4}.Release|Any CPU.Build.0 = Release|Any CPU
		{E62B54CE-7596-4F5E-93BC-E92511072D15}.Debug|Any CPU.ActiveCfg = Debug|Any CPU
		{E62B54CE-7596-4F5E-93BC-E92511072D15}.Debug|Any CPU.Build.0 = Debug|Any CPU
		{E62B54CE-7596-4F5E-93BC-E92511072D15}.Release|Any CPU.ActiveCfg = Release|Any CPU
		{E62B54CE-7596-4F5E-93BC-E92511072D15}.Release|Any CPU.Build.0 = Release|Any CPU
	EndGlobalSection
EndGlobal
