
Microsoft Visual Studio Solution File, Format Version 12.00
# Visual Studio Version 16
VisualStudioVersion = 16.0.30114.105
MinimumVisualStudioVersion = 10.0.40219.1
Project("{FAE04EC0-301F-11D3-BF4B-00C04F79EFBC}") = "mvcwebapp", "mvcwebapp\mvcwebapp.csproj", "{337A8202-41E8-45F9-AD3E-BEBCE3522461}"
EndProject
Project("{FAE04EC0-301F-11D3-BF4B-00C04F79EFBC}") = "unitTests", "unitTests\unitTests.csproj", "{5A51351E-EE66-439B-B256-265CEE9B4856}"
EndProject
Global
	GlobalSection(SolutionConfigurationPlatforms) = preSolution
		Debug|Any CPU = Debug|Any CPU
		Release|Any CPU = Release|Any CPU
	EndGlobalSection
	GlobalSection(SolutionProperties) = preSolution
		HideSolutionNode = FALSE
	EndGlobalSection
	GlobalSection(ProjectConfigurationPlatforms) = postSolution
		{337A8202-41E8-45F9-AD3E-BEBCE3522461}.Debug|Any CPU.ActiveCfg = Debug|Any CPU
		{337A8202-41E8-45F9-AD3E-BEBCE3522461}.Debug|Any CPU.Build.0 = Debug|Any CPU
		{337A8202-41E8-45F9-AD3E-BEBCE3522461}.Release|Any CPU.ActiveCfg = Release|Any CPU
		{337A8202-41E8-45F9-AD3E-BEBCE3522461}.Release|Any CPU.Build.0 = Release|Any CPU
		{5A51351E-EE66-439B-B256-265CEE9B4856}.Debug|Any CPU.ActiveCfg = Debug|Any CPU
		{5A51351E-EE66-439B-B256-265CEE9B4856}.Debug|Any CPU.Build.0 = Debug|Any CPU
		{5A51351E-EE66-439B-B256-265CEE9B4856}.Release|Any CPU.ActiveCfg = Release|Any CPU
		{5A51351E-EE66-439B-B256-265CEE9B4856}.Release|Any CPU.Build.0 = Release|Any CPU
	EndGlobalSection
EndGlobal
